
Microsoft Visual Studio Solution File, Format Version 12.00
# Visual Studio Version 16
VisualStudioVersion = 16.0.32106.194
MinimumVisualStudioVersion = 10.0.40219.1
Project("{FAE04EC0-301F-11D3-BF4B-00C04F79EFBC}") = "CalculatorAPI", "CalculatorAPI.csproj", "{2FA10E67-4D26-413A-B750-F907F4D686C5}"
EndProject
Global
	GlobalSection(SolutionConfigurationPlatforms) = preSolution
		Debug|Any CPU = Debug|Any CPU
		Release|Any CPU = Release|Any CPU
	EndGlobalSection
	GlobalSection(ProjectConfigurationPlatforms) = postSolution
		{2FA10E67-4D26-413A-B750-F907F4D686C5}.Debug|Any CPU.ActiveCfg = Debug|Any CPU
		{2FA10E67-4D26-413A-B750-F907F4D686C5}.Debug|Any CPU.Build.0 = Debug|Any CPU
		{2FA10E67-4D26-413A-B750-F907F4D686C5}.Release|Any CPU.ActiveCfg = Release|Any CPU
		{2FA10E67-4D26-413A-B750-F907F4D686C5}.Release|Any CPU.Build.0 = Release|Any CPU
	EndGlobalSection
	GlobalSection(SolutionProperties) = preSolution
		HideSolutionNode = FALSE
	EndGlobalSection
	GlobalSection(ExtensibilityGlobals) = postSolution
		SolutionGuid = {E62ED0AA-26BF-4200-A626-DE6F52DD1FED}
	EndGlobalSection
EndGlobal
